
Microsoft Visual Studio Solution File, Format Version 12.00
# Visual Studio Version 17
VisualStudioVersion = 17.13.35913.81
MinimumVisualStudioVersion = 10.0.40219.1
Project("{FAE04EC0-301F-11D3-BF4B-00C04F79EFBC}") = "OrderViewer.API", "OrderViewer.API\OrderViewer.API.csproj", "{F68487BC-3E31-4331-ABF4-54F5CCC36877}"
EndProject
Project("{FAE04EC0-301F-11D3-BF4B-00C04F79EFBC}") = "OrderViewerAPI.Tests", "OrderViewerAPI.Tests\OrderViewerAPI.Tests.csproj", "{3BE19359-B4E0-47CC-B2E4-59A7E44797AF}"
EndProject
Project("{FAE04EC0-301F-11D3-BF4B-00C04F79EFBC}") = "OrderViewerUI", "OrderViewerUI\OrderViewerUI.csproj", "{A55498F3-DE39-45A0-94CB-47878785E4A9}"
EndProject
Global
	GlobalSection(SolutionConfigurationPlatforms) = preSolution
		Debug|Any CPU = Debug|Any CPU
		Debug|x64 = Debug|x64
		Debug|x86 = Debug|x86
		Release|Any CPU = Release|Any CPU
		Release|x64 = Release|x64
		Release|x86 = Release|x86
	EndGlobalSection
	GlobalSection(ProjectConfigurationPlatforms) = postSolution
		{F68487BC-3E31-4331-ABF4-54F5CCC36877}.Debug|Any CPU.ActiveCfg = Debug|Any CPU
		{F68487BC-3E31-4331-ABF4-54F5CCC36877}.Debug|Any CPU.Build.0 = Debug|Any CPU
		{F68487BC-3E31-4331-ABF4-54F5CCC36877}.Debug|x64.ActiveCfg = Debug|Any CPU
		{F68487BC-3E31-4331-ABF4-54F5CCC36877}.Debug|x64.Build.0 = Debug|Any CPU
		{F68487BC-3E31-4331-ABF4-54F5CCC36877}.Debug|x86.ActiveCfg = Debug|Any CPU
		{F68487BC-3E31-4331-ABF4-54F5CCC36877}.Debug|x86.Build.0 = Debug|Any CPU
		{F68487BC-3E31-4331-ABF4-54F5CCC36877}.Release|Any CPU.ActiveCfg = Release|Any CPU
		{F68487BC-3E31-4331-ABF4-54F5CCC36877}.Release|Any CPU.Build.0 = Release|Any CPU
		{F68487BC-3E31-4331-ABF4-54F5CCC36877}.Release|x64.ActiveCfg = Release|Any CPU
		{F68487BC-3E31-4331-ABF4-54F5CCC36877}.Release|x64.Build.0 = Release|Any CPU
		{F68487BC-3E31-4331-ABF4-54F5CCC36877}.Release|x86.ActiveCfg = Release|Any CPU
		{F68487BC-3E31-4331-ABF4-54F5CCC36877}.Release|x86.Build.0 = Release|Any CPU
		{3BE19359-B4E0-47CC-B2E4-59A7E44797AF}.Debug|Any CPU.ActiveCfg = Debug|Any CPU
		{3BE19359-B4E0-47CC-B2E4-59A7E44797AF}.Debug|Any CPU.Build.0 = Debug|Any CPU
		{3BE19359-B4E0-47CC-B2E4-59A7E44797AF}.Debug|x64.ActiveCfg = Debug|Any CPU
		{3BE19359-B4E0-47CC-B2E4-59A7E44797AF}.Debug|x64.Build.0 = Debug|Any CPU
		{3BE19359-B4E0-47CC-B2E4-59A7E44797AF}.Debug|x86.ActiveCfg = Debug|Any CPU
		{3BE19359-B4E0-47CC-B2E4-59A7E44797AF}.Debug|x86.Build.0 = Debug|Any CPU
		{3BE19359-B4E0-47CC-B2E4-59A7E44797AF}.Release|Any CPU.ActiveCfg = Release|Any CPU
		{3BE19359-B4E0-47CC-B2E4-59A7E44797AF}.Release|Any CPU.Build.0 = Release|Any CPU
		{3BE19359-B4E0-47CC-B2E4-59A7E44797AF}.Release|x64.ActiveCfg = Release|Any CPU
		{3BE19359-B4E0-47CC-B2E4-59A7E44797AF}.Release|x64.Build.0 = Release|Any CPU
		{3BE19359-B4E0-47CC-B2E4-59A7E44797AF}.Release|x86.ActiveCfg = Release|Any CPU
		{3BE19359-B4E0-47CC-B2E4-59A7E44797AF}.Release|x86.Build.0 = Release|Any CPU
		{A55498F3-DE39-45A0-94CB-47878785E4A9}.Debug|Any CPU.ActiveCfg = Debug|Any CPU
		{A55498F3-DE39-45A0-94CB-47878785E4A9}.Debug|Any CPU.Build.0 = Debug|Any CPU
		{A55498F3-DE39-45A0-94CB-47878785E4A9}.Debug|x64.ActiveCfg = Debug|Any CPU
		{A55498F3-DE39-45A0-94CB-47878785E4A9}.Debug|x64.Build.0 = Debug|Any CPU
		{A55498F3-DE39-45A0-94CB-47878785E4A9}.Debug|x86.ActiveCfg = Debug|Any CPU
		{A55498F3-DE39-45A0-94CB-47878785E4A9}.Debug|x86.Build.0 = Debug|Any CPU
		{A55498F3-DE39-45A0-94CB-47878785E4A9}.Release|Any CPU.ActiveCfg = Release|Any CPU
		{A55498F3-DE39-45A0-94CB-47878785E4A9}.Release|Any CPU.Build.0 = Release|Any CPU
		{A55498F3-DE39-45A0-94CB-47878785E4A9}.Release|x64.ActiveCfg = Release|Any CPU
		{A55498F3-DE39-45A0-94CB-47878785E4A9}.Release|x64.Build.0 = Release|Any CPU
		{A55498F3-DE39-45A0-94CB-47878785E4A9}.Release|x86.ActiveCfg = Release|Any CPU
		{A55498F3-DE39-45A0-94CB-47878785E4A9}.Release|x86.Build.0 = Release|Any CPU
	EndGlobalSection
	GlobalSection(SolutionProperties) = preSolution
		HideSolutionNode = FALSE
	EndGlobalSection
	GlobalSection(ExtensibilityGlobals) = postSolution
		SolutionGuid = {06F58371-B4EA-40F2-A4F4-4757AA53559B}
	EndGlobalSection
EndGlobal
