
Microsoft Visual Studio Solution File, Format Version 12.00
# Visual Studio Version 17
VisualStudioVersion = 17.13.35913.81 d17.13
MinimumVisualStudioVersion = 10.0.40219.1
Project("{FAE04EC0-301F-11D3-BF4B-00C04F79EFBC}") = "OrderViewer.API", "OrderViewer.API\OrderViewer.API.csproj", "{F68487BC-3E31-4331-ABF4-54F5CCC36877}"
EndProject
Global
	GlobalSection(SolutionConfigurationPlatforms) = preSolution
		Debug|Any CPU = Debug|Any CPU
		Release|Any CPU = Release|Any CPU
	EndGlobalSection
	GlobalSection(ProjectConfigurationPlatforms) = postSolution
		{F68487BC-3E31-4331-ABF4-54F5CCC36877}.Debug|Any CPU.ActiveCfg = Debug|Any CPU
		{F68487BC-3E31-4331-ABF4-54F5CCC36877}.Debug|Any CPU.Build.0 = Debug|Any CPU
		{F68487BC-3E31-4331-ABF4-54F5CCC36877}.Release|Any CPU.ActiveCfg = Release|Any CPU
		{F68487BC-3E31-4331-ABF4-54F5CCC36877}.Release|Any CPU.Build.0 = Release|Any CPU
	EndGlobalSection
	GlobalSection(SolutionProperties) = preSolution
		HideSolutionNode = FALSE
	EndGlobalSection
	GlobalSection(ExtensibilityGlobals) = postSolution
		SolutionGuid = {06F58371-B4EA-40F2-A4F4-4757AA53559B}
	EndGlobalSection
EndGlobal
